
Microsoft Visual Studio Solution File, Format Version 12.00
# Visual Studio Version 17
VisualStudioVersion = 17.9.34622.214
MinimumVisualStudioVersion = 10.0.40219.1
Project("{9A19103F-16F7-4668-BE54-9A1E7A4F7556}") = "Utilities", "Utilities\Utilities.csproj", "{A72ED9F8-1CFD-498D-B7EF-6813C2B4AC1C}"
EndProject
Project("{FAE04EC0-301F-11D3-BF4B-00C04F79EFBC}") = "Sandbox", "Sandbox\Sandbox.csproj", "{6441282F-B504-4E88-B424-162B41089B5A}"
	ProjectSection(ProjectDependencies) = postProject
		{A72ED9F8-1CFD-498D-B7EF-6813C2B4AC1C} = {A72ED9F8-1CFD-498D-B7EF-6813C2B4AC1C}
	EndProjectSection
EndProject
Global
	GlobalSection(SolutionConfigurationPlatforms) = preSolution
		Debug|Any CPU = Debug|Any CPU
		Release|Any CPU = Release|Any CPU
	EndGlobalSection
	GlobalSection(ProjectConfigurationPlatforms) = postSolution
		{A72ED9F8-1CFD-498D-B7EF-6813C2B4AC1C}.Debug|Any CPU.ActiveCfg = Debug|Any CPU
		{A72ED9F8-1CFD-498D-B7EF-6813C2B4AC1C}.Debug|Any CPU.Build.0 = Debug|Any CPU
		{A72ED9F8-1CFD-498D-B7EF-6813C2B4AC1C}.Release|Any CPU.ActiveCfg = Release|Any CPU
		{A72ED9F8-1CFD-498D-B7EF-6813C2B4AC1C}.Release|Any CPU.Build.0 = Release|Any CPU
		{6441282F-B504-4E88-B424-162B41089B5A}.Debug|Any CPU.ActiveCfg = Debug|Any CPU
		{6441282F-B504-4E88-B424-162B41089B5A}.Debug|Any CPU.Build.0 = Debug|Any CPU
		{6441282F-B504-4E88-B424-162B41089B5A}.Release|Any CPU.ActiveCfg = Release|Any CPU
		{6441282F-B504-4E88-B424-162B41089B5A}.Release|Any CPU.Build.0 = Release|Any CPU
	EndGlobalSection
	GlobalSection(SolutionProperties) = preSolution
		HideSolutionNode = FALSE
	EndGlobalSection
	GlobalSection(ExtensibilityGlobals) = postSolution
		SolutionGuid = {F932CA20-2D33-4E4C-A7AB-061E3EB68A89}
	EndGlobalSection
EndGlobal
